{
    "name": "osssync",
    "version": "2.3.0",
    "lockfileVersion": 1,
    "requires": true,
    "dependencies": {
        "@protobufjs/aspromise": {
            "version": "1.1.2",
            "resolved": "https://registry.nlark.com/@protobufjs/aspromise/download/@protobufjs/aspromise-1.1.2.tgz",
            "integrity": "sha1-m4sMxmPWaafY9vXQiToU00jzD78="
        },
        "@protobufjs/base64": {
            "version": "1.1.2",
            "resolved": "https://registry.nlark.com/@protobufjs/base64/download/@protobufjs/base64-1.1.2.tgz",
            "integrity": "sha1-TIVzDlm5ofHzSQR9vyQpYDS7JzU="
        },
        "@protobufjs/codegen": {
            "version": "2.0.4",
            "resolved": "https://registry.nlark.com/@protobufjs/codegen/download/@protobufjs/codegen-2.0.4.tgz",
            "integrity": "sha1-fvN/DQEPsCitGtWXIuUG2SYoFcs="
        },
        "@protobufjs/eventemitter": {
            "version": "1.1.0",
            "resolved": "https://registry.npm.taobao.org/@protobufjs/eventemitter/download/@protobufjs/eventemitter-1.1.0.tgz",
            "integrity": "sha1-NVy8mLr61ZePntCV85diHx0Ga3A="
        },
        "@protobufjs/fetch": {
            "version": "1.1.0",
            "resolved": "https://registry.nlark.com/@protobufjs/fetch/download/@protobufjs/fetch-1.1.0.tgz",
            "integrity": "sha1-upn7WYYUr2VwDBYZ/wbUVLDYTEU=",
            "requires": {
                "@protobufjs/aspromise": "^1.1.1",
                "@protobufjs/inquire": "^1.1.0"
            }
        },
        "@protobufjs/float": {
            "version": "1.0.2",
            "resolved": "https://registry.npm.taobao.org/@protobufjs/float/download/@protobufjs/float-1.0.2.tgz",
            "integrity": "sha1-Xp4avctz/Ap8uLKR33jIy9l7h9E="
        },
        "@protobufjs/inquire": {
            "version": "1.1.0",
            "resolved": "https://registry.nlark.com/@protobufjs/inquire/download/@protobufjs/inquire-1.1.0.tgz",
            "integrity": "sha1-/yAOPnzyQp4tyvwRQIKOjMY48Ik="
        },
        "@protobufjs/path": {
            "version": "1.1.2",
            "resolved": "https://registry.npm.taobao.org/@protobufjs/path/download/@protobufjs/path-1.1.2.tgz",
            "integrity": "sha1-bMKyDFya1q0NzP0hynZz2Nf79o0="
        },
        "@protobufjs/pool": {
            "version": "1.1.0",
            "resolved": "https://registry.npm.taobao.org/@protobufjs/pool/download/@protobufjs/pool-1.1.0.tgz",
            "integrity": "sha1-Cf0V8tbTq/qbZbw2ZQbWrXhG/1Q="
        },
        "@protobufjs/utf8": {
            "version": "1.1.0",
            "resolved": "https://registry.nlark.com/@protobufjs/utf8/download/@protobufjs/utf8-1.1.0.tgz",
            "integrity": "sha1-p3c2C1s5oaLlEG+OhY8v0tBgxXA="
        },
        "@types/long": {
            "version": "4.0.1",
            "resolved": "https://registry.nlark.com/@types/long/download/@types/long-4.0.1.tgz",
            "integrity": "sha1-RZxl+hhn2v5qjzIsTFFpVmPMVek="
        },
        "@types/node": {
            "version": "14.17.15",
            "resolved": "https://registry.nlark.com/@types/node/download/@types/node-14.17.15.tgz?cache=0&other_urls=https%3A%2F%2Fregistry.nlark.com%2F%40types%2Fnode%2Fdownload%2F%40types%2Fnode-14.17.15.tgz",
            "integrity": "sha1-1ev7YqaQdOu4XL4FKa2Re7jyuug=",
            "dev": true
        },
        "aliyun-sdk": {
            "version": "1.12.3",
            "resolved": "https://registry.nlark.com/aliyun-sdk/download/aliyun-sdk-1.12.3.tgz",
            "integrity": "sha1-JRRk3VssTis2zqAPyLQBtbb3Dsc=",
            "requires": {
                "node_memcached": "1.1.3",
                "pomelo-protobuf": "^0.4.0",
                "protobufjs": ">=5.0.3",
                "xml2js": "0.4.4",
                "xmlbuilder": "^13.0.2"
            }
        },
        "anymatch": {
            "version": "3.1.2",
            "resolved": "https://registry.npm.taobao.org/anymatch/download/anymatch-3.1.2.tgz?cache=0&sync_timestamp=1617747494189&other_urls=https%3A%2F%2Fregistry.npm.taobao.org%2Fanymatch%2Fdownload%2Fanymatch-3.1.2.tgz",
            "integrity": "sha1-wFV8CWrzLxBhmPT04qODU343hxY=",
            "requires": {
                "normalize-path": "^3.0.0",
                "picomatch": "^2.0.4"
            }
        },
        "array-back": {
            "version": "3.1.0",
            "resolved": "https://registry.nlark.com/array-back/download/array-back-3.1.0.tgz",
            "integrity": "sha1-uIWdelCIccmnss9C+ZQo9l6Wv7A="
        },
        "binary-extensions": {
            "version": "2.2.0",
            "resolved": "https://registry.npm.taobao.org/binary-extensions/download/binary-extensions-2.2.0.tgz?cache=0&sync_timestamp=1610299293319&other_urls=https%3A%2F%2Fregistry.npm.taobao.org%2Fbinary-extensions%2Fdownload%2Fbinary-extensions-2.2.0.tgz",
            "integrity": "sha1-dfUC7q+f/eQvyYgpZFvk6na9ni0="
        },
        "braces": {
            "version": "3.0.2",
            "resolved": "https://registry.npm.taobao.org/braces/download/braces-3.0.2.tgz",
            "integrity": "sha1-NFThpGLujVmeI23zNs2epPiv4Qc=",
            "requires": {
                "fill-range": "^7.0.1"
            }
        },
        "chokidar": {
            "version": "3.5.2",
            "resolved": "https://registry.nlark.com/chokidar/download/chokidar-3.5.2.tgz",
            "integrity": "sha1-26OXb8rbAW9m/TZQIdkWANAcHnU=",
            "requires": {
                "anymatch": "~3.1.2",
                "braces": "~3.0.2",
                "fsevents": "~2.3.2",
                "glob-parent": "~5.1.2",
                "is-binary-path": "~2.1.0",
                "is-glob": "~4.0.1",
                "normalize-path": "~3.0.0",
                "readdirp": "~3.6.0"
            }
        },
        "command-line-args": {
            "version": "5.2.0",
            "resolved": "https://registry.nlark.com/command-line-args/download/command-line-args-5.2.0.tgz",
            "integrity": "sha1-CHsCdIJyFpdB8f18eFspXfB5ub4=",
            "requires": {
                "array-back": "^3.1.0",
                "find-replace": "^3.0.0",
                "lodash.camelcase": "^4.3.0",
                "typical": "^4.0.0"
            }
        },
        "debug": {
            "version": "2.6.9",
            "resolved": "https://registry.nlark.com/debug/download/debug-2.6.9.tgz?cache=0&sync_timestamp=1625374648057&other_urls=https%3A%2F%2Fregistry.nlark.com%2Fdebug%2Fdownload%2Fdebug-2.6.9.tgz",
            "integrity": "sha1-XRKFFd8TT/Mn6QpMk/Tgd6U2NB8=",
            "requires": {
                "ms": "2.0.0"
            }
        },
        "fill-range": {
            "version": "7.0.1",
            "resolved": "https://registry.npm.taobao.org/fill-range/download/fill-range-7.0.1.tgz",
            "integrity": "sha1-GRmmp8df44ssfHflGYU12prN2kA=",
            "requires": {
                "to-regex-range": "^5.0.1"
            }
        },
        "find-replace": {
            "version": "3.0.0",
            "resolved": "https://registry.nlark.com/find-replace/download/find-replace-3.0.0.tgz",
            "integrity": "sha1-Pn4j07BRZ6dvdwyfvVJYsN72jDg=",
            "requires": {
                "array-back": "^3.0.1"
            }
        },
        "fsevents": {
            "version": "2.3.2",
            "resolved": "https://registry.npm.taobao.org/fsevents/download/fsevents-2.3.2.tgz?cache=0&sync_timestamp=1612537044236&other_urls=https%3A%2F%2Fregistry.npm.taobao.org%2Ffsevents%2Fdownload%2Ffsevents-2.3.2.tgz",
            "integrity": "sha1-ilJveLj99GI7cJ4Ll1xSwkwC/Ro=",
            "optional": true
        },
        "glob-parent": {
            "version": "5.1.2",
            "resolved": "https://registry.nlark.com/glob-parent/download/glob-parent-5.1.2.tgz?cache=0&sync_timestamp=1626760165717&other_urls=https%3A%2F%2Fregistry.nlark.com%2Fglob-parent%2Fdownload%2Fglob-parent-5.1.2.tgz",
            "integrity": "sha1-hpgyxYA0/mikCTwX3BXoNA2EAcQ=",
            "requires": {
                "is-glob": "^4.0.1"
            }
        },
        "is-binary-path": {
            "version": "2.1.0",
            "resolved": "https://registry.npm.taobao.org/is-binary-path/download/is-binary-path-2.1.0.tgz",
            "integrity": "sha1-6h9/O4DwZCNug0cPhsCcJU+0Wwk=",
            "requires": {
                "binary-extensions": "^2.0.0"
            }
        },
        "is-extglob": {
            "version": "2.1.1",
            "resolved": "https://registry.npm.taobao.org/is-extglob/download/is-extglob-2.1.1.tgz",
            "integrity": "sha1-qIwCU1eR8C7TfHahueqXc8gz+MI="
        },
        "is-glob": {
            "version": "4.0.1",
            "resolved": "https://registry.npm.taobao.org/is-glob/download/is-glob-4.0.1.tgz",
            "integrity": "sha1-dWfb6fL14kZ7x3q4PEopSCQHpdw=",
            "requires": {
                "is-extglob": "^2.1.1"
            }
        },
        "is-number": {
            "version": "7.0.0",
            "resolved": "https://registry.npm.taobao.org/is-number/download/is-number-7.0.0.tgz",
            "integrity": "sha1-dTU0W4lnNNX4DE0GxQlVUnoU8Ss="
        },
        "lodash.camelcase": {
            "version": "4.3.0",
            "resolved": "https://registry.npm.taobao.org/lodash.camelcase/download/lodash.camelcase-4.3.0.tgz?cache=0&sync_timestamp=1577806297529&other_urls=https%3A%2F%2Fregistry.npm.taobao.org%2Flodash.camelcase%2Fdownload%2Flodash.camelcase-4.3.0.tgz",
            "integrity": "sha1-soqmKIorn8ZRA1x3EfZathkDMaY="
        },
        "long": {
            "version": "4.0.0",
            "resolved": "https://registry.npm.taobao.org/long/download/long-4.0.0.tgz",
            "integrity": "sha1-mntxz7fTYaGU6lVSQckvdGjVvyg="
        },
        "mime": {
            "version": "2.5.2",
            "resolved": "https://registry.npm.taobao.org/mime/download/mime-2.5.2.tgz",
            "integrity": "sha1-bj3GzCuVEGQ4MOXxnVy3U9pe6r4="
        },
        "ms": {
            "version": "2.0.0",
            "resolved": "https://registry.nlark.com/ms/download/ms-2.0.0.tgz?cache=0&sync_timestamp=1629910562433&other_urls=https%3A%2F%2Fregistry.nlark.com%2Fms%2Fdownload%2Fms-2.0.0.tgz",
            "integrity": "sha1-VgiurfwAvmwpAd9fmGF4jeDVl8g="
        },
        "node_memcached": {
            "version": "1.1.3",
            "resolved": "https://registry.nlark.com/node_memcached/download/node_memcached-1.1.3.tgz",
            "integrity": "sha1-icFSr4itKIF/ANiRyZBFHV1xLqg=",
            "requires": {
                "debug": "^2.1.0"
            }
        },
        "normalize-path": {
            "version": "3.0.0",
            "resolved": "https://registry.npm.taobao.org/normalize-path/download/normalize-path-3.0.0.tgz",
            "integrity": "sha1-Dc1p/yOhybEf0JeDFmRKA4ghamU="
        },
        "picomatch": {
            "version": "2.3.0",
            "resolved": "https://registry.nlark.com/picomatch/download/picomatch-2.3.0.tgz?cache=0&sync_timestamp=1621648246651&other_urls=https%3A%2F%2Fregistry.nlark.com%2Fpicomatch%2Fdownload%2Fpicomatch-2.3.0.tgz",
            "integrity": "sha1-8fBh3o9qS/AiiS4tEoI0+5gwKXI="
        },
        "pomelo-protobuf": {
            "version": "0.4.0",
            "resolved": "https://registry.nlark.com/pomelo-protobuf/download/pomelo-protobuf-0.4.0.tgz",
            "integrity": "sha1-5F6aCkRusYZn4MbhPutT1Hrdvag="
        },
        "protobufjs": {
            "version": "6.11.2",
            "resolved": "https://registry.nlark.com/protobufjs/download/protobufjs-6.11.2.tgz?cache=0&sync_timestamp=1619804321279&other_urls=https%3A%2F%2Fregistry.nlark.com%2Fprotobufjs%2Fdownload%2Fprotobufjs-6.11.2.tgz",
            "integrity": "sha1-3jn6vU7TK+qgjpux4w0IVEwe34s=",
            "requires": {
                "@protobufjs/aspromise": "^1.1.2",
                "@protobufjs/base64": "^1.1.2",
                "@protobufjs/codegen": "^2.0.4",
                "@protobufjs/eventemitter": "^1.1.0",
                "@protobufjs/fetch": "^1.1.0",
                "@protobufjs/float": "^1.0.2",
                "@protobufjs/inquire": "^1.1.0",
                "@protobufjs/path": "^1.1.2",
                "@protobufjs/pool": "^1.1.0",
                "@protobufjs/utf8": "^1.1.0",
                "@types/long": "^4.0.1",
                "@types/node": ">=13.7.0",
                "long": "^4.0.0"
            },
            "dependencies": {
                "@types/node": {
                    "version": "16.9.1",
                    "resolved": "https://registry.nlark.com/@types/node/download/@types/node-16.9.1.tgz?cache=0&other_urls=https%3A%2F%2Fregistry.nlark.com%2F%40types%2Fnode%2Fdownload%2F%40types%2Fnode-16.9.1.tgz",
                    "integrity": "sha1-BhGzfbQkbJN/7vUp3cwBjPjjVwg="
                }
            }
        },
        "readdirp": {
            "version": "3.6.0",
            "resolved": "https://registry.npm.taobao.org/readdirp/download/readdirp-3.6.0.tgz?cache=0&other_urls=https%3A%2F%2Fregistry.npm.taobao.org%2Freaddirp%2Fdownload%2Freaddirp-3.6.0.tgz",
            "integrity": "sha1-dKNwvYVxFuJFspzJc0DNQxoCpsc=",
            "requires": {
                "picomatch": "^2.2.1"
            }
        },
        "sax": {
            "version": "0.6.1",
            "resolved": "https://registry.npm.taobao.org/sax/download/sax-0.6.1.tgz",
            "integrity": "sha1-VjsZx8HeiS4Jv8Ty/DDjwn8JUrk="
        },
        "to-regex-range": {
            "version": "5.0.1",
            "resolved": "https://registry.npm.taobao.org/to-regex-range/download/to-regex-range-5.0.1.tgz",
            "integrity": "sha1-FkjESq58jZiKMmAY7XL1tN0DkuQ=",
            "requires": {
                "is-number": "^7.0.0"
            }
        },
        "typescript": {
            "version": "4.4.3",
            "resolved": "https://registry.nlark.com/typescript/download/typescript-4.4.3.tgz?cache=0&sync_timestamp=1631604120890&other_urls=https%3A%2F%2Fregistry.nlark.com%2Ftypescript%2Fdownload%2Ftypescript-4.4.3.tgz",
            "integrity": "sha1-vcVAfKorEJ79T4L+EwZW+XeikyQ=",
            "dev": true
        },
        "typical": {
            "version": "4.0.0",
            "resolved": "https://registry.nlark.com/typical/download/typical-4.0.0.tgz?cache=0&sync_timestamp=1629107878792&other_urls=https%3A%2F%2Fregistry.nlark.com%2Ftypical%2Fdownload%2Ftypical-4.0.0.tgz",
            "integrity": "sha1-y+r/O5164eK7+vWk5vEezP3pT8Q="
        },
        "xml2js": {
            "version": "0.4.4",
            "resolved": "https://registry.nlark.com/xml2js/download/xml2js-0.4.4.tgz",
            "integrity": "sha1-MREBAAMAiuGSQOuhdJe1fHKcVV0=",
            "requires": {
                "sax": "0.6.x",
                "xmlbuilder": ">=1.0.0"
            }
        },
        "xmlbuilder": {
            "version": "13.0.2",
            "resolved": "https://registry.nlark.com/xmlbuilder/download/xmlbuilder-13.0.2.tgz",
            "integrity": "sha1-Aq4zYUtqBH0cMrU4nB/ayyvOR6c="
        }
    }
}
